[[dependencies]]
name = "@openzeppelin-contracts"
version = "5.2.0"
git = "https://github.com/OpenZeppelin/openzeppelin-contracts.git"
rev = "acd4ff74de833399287ed6b31b4debf6b2b35527"

[[dependencies]]
name = "account-abstraction-v7"
version = "0.7.0"
git = "https://github.com/eth-infinitism/account-abstraction.git"
rev = "7af70c8993a6f42973f520ae0752386a5032abe7"

[[dependencies]]
name = "chainlink-ccip"
version = "1.6.2"
git = "https://github.com/smartcontractkit/chainlink-ccip.git"
rev = "0e3e0fc5c0f70f0d50dca66b139142ddf3009294"

[[dependencies]]
name = "chainlink-evm"
version = "1.5.0"
git = "https://github.com/smartcontractkit/chainlink-evm.git"
rev = "86aa5a1d34b20eda8d18fe6eb0e4882948e545ba"

[[dependencies]]
name = "devtools"
version = "0.0.1"
git = "https://github.com/LayerZero-Labs/devtools.git"
rev = "ac8912867862f6dd737b0febabd8d3cb8f142df7"

[[dependencies]]
name = "enso-weiroll"
version = "1.4.1"
git = "https://github.com/EnsoBuild/enso-weiroll.git"
rev = "900250114203727ff236d3f6313673c17c2d90dd"

[[dependencies]]
name = "forge-std"
version = "1.9.7"
git = "https://github.com/foundry-rs/forge-std.git"
rev = "77041d2ce690e692d6e03cc812b57d1ddaa4d505"

[[dependencies]]
name = "layerzero-v2"
version = "2.0.2"
git = "https://github.com/LayerZero-Labs/LayerZero-v2.git"
rev = "9a4049ae3a374e1c0ef01ac9fb53dd83f4257a68"

[[dependencies]]
name = "safe-smart-account"
version = "1.5.0"
git = "https://github.com/safe-global/safe-smart-account.git"
rev = "dc437e8fba8b4805d76bcbd1c668c9fd3d1e83be"

[[dependencies]]
name = "safe-tools"
version = "0.2.0"
git = "https://github.com/colinnielsen/safe-tools.git"
rev = "ce6c654a76d91b619ab7778c77d1a76b3ced6666"

[[dependencies]]
name = "solady"
version = "0.1.22"
git = "https://github.com/Vectorized/solady.git"
rev = "65e87c72a5ee4a6708946b25611ec5f980ceba70"

[[dependencies]]
name = "v4-core"
version = "4.0.0"
git = "https://github.com/Uniswap/v4-core.git"
rev = "e50237c43811bd9b526eff40f26772152a42daba"

[[dependencies]]
name = "v4-periphery"
version = "4.0.0"
git = "https://github.com/Uniswap/v4-periphery.git"
rev = "9628c36b4f5083d19606e63224e4041fe748edae"
